// !$*UTF8*$!
{
	archiveVersion = 1;
	classes = {
	};
	objectVersion = 46;
	objects = {

/* Begin PBXBuildFile section */
		5E75C14C1964748F00257849 /* Foundation.framework in Frameworks */ = {isa = PBXBuildFile; fileRef = 5E75C14B1964748F00257849 /* Foundation.framework */; };
		5E75C14E1964748F00257849 /* CoreGraphics.framework in Frameworks */ = {isa = PBXBuildFile; fileRef = 5E75C14D1964748F00257849 /* CoreGraphics.framework */; };
		5E75C1501964748F00257849 /* UIKit.framework in Frameworks */ = {isa = PBXBuildFile; fileRef = 5E75C14F1964748F00257849 /* UIKit.framework */; };
		5E75C1561964748F00257849 /* InfoPlist.strings in Resources */ = {isa = PBXBuildFile; fileRef = 5E75C1541964748F00257849 /* InfoPlist.strings */; };
		5E75C1581964748F00257849 /* main.m in Sources */ = {isa = PBXBuildFile; fileRef = 5E75C1571964748F00257849 /* main.m */; };
		5E75C15C1964748F00257849 /* AppDelegate.m in Sources */ = {isa = PBXBuildFile; fileRef = 5E75C15B1964748F00257849 /* AppDelegate.m */; };
		5E75C15E1964748F00257849 /* Images.xcassets in Resources */ = {isa = PBXBuildFile; fileRef = 5E75C15D1964748F00257849 /* Images.xcassets */; };
		5E75C1651964748F00257849 /* XCTest.framework in Frameworks */ = {isa = PBXBuildFile; fileRef = 5E75C1641964748F00257849 /* XCTest.framework */; };
		5E75C1661964748F00257849 /* Foundation.framework in Frameworks */ = {isa = PBXBuildFile; fileRef = 5E75C14B1964748F00257849 /* Foundation.framework */; };
		5E75C1671964748F00257849 /* UIKit.framework in Frameworks */ = {isa = PBXBuildFile; fileRef = 5E75C14F1964748F00257849 /* UIKit.framework */; };
		5E75C16F1964748F00257849 /* InfoPlist.strings in Resources */ = {isa = PBXBuildFile; fileRef = 5E75C16D1964748F00257849 /* InfoPlist.strings */; };
		5E75C1711964748F00257849 /* TumblrTests.m in Sources */ = {isa = PBXBuildFile; fileRef = 5E75C1701964748F00257849 /* TumblrTests.m */; };
		5E75C17D196474C200257849 /* TabViewController.m in Sources */ = {isa = PBXBuildFile; fileRef = 5E75C17B196474C200257849 /* TabViewController.m */; };
		5E75C17E196474C200257849 /* TabViewController.xib in Resources */ = {isa = PBXBuildFile; fileRef = 5E75C17C196474C200257849 /* TabViewController.xib */; };
		5E75C183196474F400257849 /* DashboardViewController.m in Sources */ = {isa = PBXBuildFile; fileRef = 5E75C181196474F400257849 /* DashboardViewController.m */; };
		5E75C184196474F400257849 /* DashboardViewController.xib in Resources */ = {isa = PBXBuildFile; fileRef = 5E75C182196474F400257849 /* DashboardViewController.xib */; };
		5E75C188196474FC00257849 /* SearchViewController.m in Sources */ = {isa = PBXBuildFile; fileRef = 5E75C186196474FC00257849 /* SearchViewController.m */; };
		5E75C189196474FC00257849 /* SearchViewController.xib in Resources */ = {isa = PBXBuildFile; fileRef = 5E75C187196474FC00257849 /* SearchViewController.xib */; };
		5E75C18D1964751B00257849 /* PostViewController.m in Sources */ = {isa = PBXBuildFile; fileRef = 5E75C18B1964751B00257849 /* PostViewController.m */; };
		5E75C18E1964751B00257849 /* PostViewController.xib in Resources */ = {isa = PBXBuildFile; fileRef = 5E75C18C1964751B00257849 /* PostViewController.xib */; };
		5E75C1921964752A00257849 /* AccountViewController.m in Sources */ = {isa = PBXBuildFile; fileRef = 5E75C1901964752A00257849 /* AccountViewController.m */; };
		5E75C1931964752A00257849 /* AccountViewController.xib in Resources */ = {isa = PBXBuildFile; fileRef = 5E75C1911964752A00257849 /* AccountViewController.xib */; };
		5E75C1971964753A00257849 /* ActivityViewController.m in Sources */ = {isa = PBXBuildFile; fileRef = 5E75C1951964753A00257849 /* ActivityViewController.m */; };
		5E75C1981964753A00257849 /* ActivityViewController.xib in Resources */ = {isa = PBXBuildFile; fileRef = 5E75C1961964753A00257849 /* ActivityViewController.xib */; };
/* End PBXBuildFile section */

/* Begin PBXContainerItemProxy section */
		5E75C1681964748F00257849 /* PBXContainerItemProxy */ = {
			isa = PBXContainerItemProxy;
			containerPortal = 5E75C1401964748F00257849 /* Project object */;
			proxyType = 1;
			remoteGlobalIDString = 5E75C1471964748F00257849;
			remoteInfo = Tumblr;
		};
/* End PBXContainerItemProxy section */

/* Begin PBXFileReference section */
		5E75C1481964748F00257849 /* Tumblr.app */ = {isa = PBXFileReference; explicitFileType = wrapper.application; includeInIndex = 0; path = Tumblr.app; sourceTree = BUILT_PRODUCTS_DIR; };
		5E75C14B1964748F00257849 /* Foundation.framework */ = {isa = PBXFileReference; lastKnownFileType = wrapper.framework; name = Foundation.framework; path = System/Library/Frameworks/Foundation.framework; sourceTree = SDKROOT; };
		5E75C14D1964748F00257849 /* CoreGraphics.framework */ = {isa = PBXFileReference; lastKnownFileType = wrapper.framework; name = CoreGraphics.framework; path = System/Library/Frameworks/CoreGraphics.framework; sourceTree = SDKROOT; };
		5E75C14F1964748F00257849 /* UIKit.framework */ = {isa = PBXFileReference; lastKnownFileType = wrapper.framework; name = UIKit.framework; path = System/Library/Frameworks/UIKit.framework; sourceTree = SDKROOT; };
		5E75C1531964748F00257849 /* Tumblr-Info.plist */ = {isa = PBXFileReference; lastKnownFileType = text.plist.xml; path = "Tumblr-Info.plist"; sourceTree = "<group>"; };
		5E75C1551964748F00257849 /* en */ = {isa = PBXFileReference; lastKnownFileType = text.plist.strings; name = en; path = en.lproj/InfoPlist.strings; sourceTree = "<group>"; };
		5E75C1571964748F00257849 /* main.m */ = {isa = PBXFileReference; lastKnownFileType = sourcecode.c.objc; path = main.m; sourceTree = "<group>"; };
		5E75C1591964748F00257849 /* Tumblr-Prefix.pch */ = {isa = PBXFileReference; lastKnownFileType = sourcecode.c.h; path = "Tumblr-Prefix.pch"; sourceTree = "<group>"; };
		5E75C15A1964748F00257849 /* AppDelegate.h */ = {isa = PBXFileReference; lastKnownFileType = sourcecode.c.h; path = AppDelegate.h; sourceTree = "<group>"; };
		5E75C15B1964748F00257849 /* AppDelegate.m */ = {isa = PBXFileReference; lastKnownFileType = sourcecode.c.objc; path = AppDelegate.m; sourceTree = "<group>"; };
		5E75C15D1964748F00257849 /* Images.xcassets */ = {isa = PBXFileReference; lastKnownFileType = folder.assetcatalog; path = Images.xcassets; sourceTree = "<group>"; };
		5E75C1631964748F00257849 /* TumblrTests.xctest */ = {isa = PBXFileReference; explicitFileType = wrapper.cfbundle; includeInIndex = 0; path = TumblrTests.xctest; sourceTree = BUILT_PRODUCTS_DIR; };
		5E75C1641964748F00257849 /* XCTest.framework */ = {isa = PBXFileReference; lastKnownFileType = wrapper.framework; name = XCTest.framework; path = Library/Frameworks/XCTest.framework; sourceTree = DEVELOPER_DIR; };
		5E75C16C1964748F00257849 /* TumblrTests-Info.plist */ = {isa = PBXFileReference; lastKnownFileType = text.plist.xml; path = "TumblrTests-Info.plist"; sourceTree = "<group>"; };
		5E75C16E1964748F00257849 /* en */ = {isa = PBXFileReference; lastKnownFileType = text.plist.strings; name = en; path = en.lproj/InfoPlist.strings; sourceTree = "<group>"; };
		5E75C1701964748F00257849 /* TumblrTests.m */ = {isa = PBXFileReference; lastKnownFileType = sourcecode.c.objc; path = TumblrTests.m; sourceTree = "<group>"; };
		5E75C17A196474C200257849 /* TabViewController.h */ = {isa = PBXFileReference; fileEncoding = 4; lastKnownFileType = sourcecode.c.h; path = TabViewController.h; sourceTree = "<group>"; };
		5E75C17B196474C200257849 /* TabViewController.m */ = {isa = PBXFileReference; fileEncoding = 4; lastKnownFileType = sourcecode.c.objc; path = TabViewController.m; sourceTree = "<group>"; };
		5E75C17C196474C200257849 /* TabViewController.xib */ = {isa = PBXFileReference; fileEncoding = 4; lastKnownFileType = file.xib; path = TabViewController.xib; sourceTree = "<group>"; };
		5E75C180196474F400257849 /* DashboardViewController.h */ = {isa = PBXFileReference; fileEncoding = 4; lastKnownFileType = sourcecode.c.h; path = DashboardViewController.h; sourceTree = "<group>"; };
		5E75C181196474F400257849 /* DashboardViewController.m */ = {isa = PBXFileReference; fileEncoding = 4; lastKnownFileType = sourcecode.c.objc; path = DashboardViewController.m; sourceTree = "<group>"; };
		5E75C182196474F400257849 /* DashboardViewController.xib */ = {isa = PBXFileReference; fileEncoding = 4; lastKnownFileType = file.xib; path = DashboardViewController.xib; sourceTree = "<group>"; };
		5E75C185196474FC00257849 /* SearchViewController.h */ = {isa = PBXFileReference; fileEncoding = 4; lastKnownFileType = sourcecode.c.h; path = SearchViewController.h; sourceTree = "<group>"; };
		5E75C186196474FC00257849 /* SearchViewController.m */ = {isa = PBXFileReference; fileEncoding = 4; lastKnownFileType = sourcecode.c.objc; path = SearchViewController.m; sourceTree = "<group>"; };
		5E75C187196474FC00257849 /* SearchViewController.xib */ = {isa = PBXFileReference; fileEncoding = 4; lastKnownFileType = file.xib; path = SearchViewController.xib; sourceTree = "<group>"; };
		5E75C18A1964751B00257849 /* PostViewController.h */ = {isa = PBXFileReference; fileEncoding = 4; lastKnownFileType = sourcecode.c.h; path = PostViewController.h; sourceTree = "<group>"; };
		5E75C18B1964751B00257849 /* PostViewController.m */ = {isa = PBXFileReference; fileEncoding = 4; lastKnownFileType = sourcecode.c.objc; path = PostViewController.m; sourceTree = "<group>"; };
		5E75C18C1964751B00257849 /* PostViewController.xib */ = {isa = PBXFileReference; fileEncoding = 4; lastKnownFileType = file.xib; path = PostViewController.xib; sourceTree = "<group>"; };
		5E75C18F1964752A00257849 /* AccountViewController.h */ = {isa = PBXFileReference; fileEncoding = 4; lastKnownFileType = sourcecode.c.h; path = AccountViewController.h; sourceTree = "<group>"; };
		5E75C1901964752A00257849 /* AccountViewController.m */ = {isa = PBXFileReference; fileEncoding = 4; lastKnownFileType = sourcecode.c.objc; path = AccountViewController.m; sourceTree = "<group>"; };
		5E75C1911964752A00257849 /* AccountViewController.xib */ = {isa = PBXFileReference; fileEncoding = 4; lastKnownFileType = file.xib; path = AccountViewController.xib; sourceTree = "<group>"; };
		5E75C1941964753A00257849 /* ActivityViewController.h */ = {isa = PBXFileReference; fileEncoding = 4; lastKnownFileType = sourcecode.c.h; path = ActivityViewController.h; sourceTree = "<group>"; };
		5E75C1951964753A00257849 /* ActivityViewController.m */ = {isa = PBXFileReference; fileEncoding = 4; lastKnownFileType = sourcecode.c.objc; path = ActivityViewController.m; sourceTree = "<group>"; };
		5E75C1961964753A00257849 /* ActivityViewController.xib */ = {isa = PBXFileReference; fileEncoding = 4; lastKnownFileType = file.xib; path = ActivityViewController.xib; sourceTree = "<group>"; };
/* End PBXFileReference section */

/* Begin PBXFrameworksBuildPhase section */
		5E75C1451964748F00257849 /* Frameworks */ = {
			isa = PBXFrameworksBuildPhase;
			buildActionMask = 2147483647;
			files = (
				5E75C14E1964748F00257849 /* CoreGraphics.framework in Frameworks */,
				5E75C1501964748F00257849 /* UIKit.framework in Frameworks */,
				5E75C14C1964748F00257849 /* Foundation.framework in Frameworks */,
			);
			runOnlyForDeploymentPostprocessing = 0;
		};
		5E75C1601964748F00257849 /* Frameworks */ = {
			isa = PBXFrameworksBuildPhase;
			buildActionMask = 2147483647;
			files = (
				5E75C1651964748F00257849 /* XCTest.framework in Frameworks */,
				5E75C1671964748F00257849 /* UIKit.framework in Frameworks */,
				5E75C1661964748F00257849 /* Foundation.framework in Frameworks */,
			);
			runOnlyForDeploymentPostprocessing = 0;
		};
/* End PBXFrameworksBuildPhase section */

/* Begin PBXGroup section */
		5E75C13F1964748F00257849 = {
			isa = PBXGroup;
			children = (
				5E75C17F196474C900257849 /* View Controllers */,
				5E75C1511964748F00257849 /* Tumblr */,
				5E75C16A1964748F00257849 /* TumblrTests */,
				5E75C14A1964748F00257849 /* Frameworks */,
				5E75C1491964748F00257849 /* Products */,
			);
			sourceTree = "<group>";
		};
		5E75C1491964748F00257849 /* Products */ = {
			isa = PBXGroup;
			children = (
				5E75C1481964748F00257849 /* Tumblr.app */,
				5E75C1631964748F00257849 /* TumblrTests.xctest */,
			);
			name = Products;
			sourceTree = "<group>";
		};
		5E75C14A1964748F00257849 /* Frameworks */ = {
			isa = PBXGroup;
			children = (
				5E75C14B1964748F00257849 /* Foundation.framework */,
				5E75C14D1964748F00257849 /* CoreGraphics.framework */,
				5E75C14F1964748F00257849 /* UIKit.framework */,
				5E75C1641964748F00257849 /* XCTest.framework */,
			);
			name = Frameworks;
			sourceTree = "<group>";
		};
		5E75C1511964748F00257849 /* Tumblr */ = {
			isa = PBXGroup;
			children = (
				5E75C15A1964748F00257849 /* AppDelegate.h */,
				5E75C15B1964748F00257849 /* AppDelegate.m */,
				5E75C15D1964748F00257849 /* Images.xcassets */,
				5E75C1521964748F00257849 /* Supporting Files */,
			);
			path = Tumblr;
			sourceTree = "<group>";
		};
		5E75C1521964748F00257849 /* Supporting Files */ = {
			isa = PBXGroup;
			children = (
				5E75C1531964748F00257849 /* Tumblr-Info.plist */,
				5E75C1541964748F00257849 /* InfoPlist.strings */,
				5E75C1571964748F00257849 /* main.m */,
				5E75C1591964748F00257849 /* Tumblr-Prefix.pch */,
			);
			name = "Supporting Files";
			sourceTree = "<group>";
		};
		5E75C16A1964748F00257849 /* TumblrTests */ = {
			isa = PBXGroup;
			children = (
				5E75C1701964748F00257849 /* TumblrTests.m */,
				5E75C16B1964748F00257849 /* Supporting Files */,
			);
			path = TumblrTests;
			sourceTree = "<group>";
		};
		5E75C16B1964748F00257849 /* Supporting Files */ = {
			isa = PBXGroup;
			children = (
				5E75C16C1964748F00257849 /* TumblrTests-Info.plist */,
				5E75C16D1964748F00257849 /* InfoPlist.strings */,
			);
			name = "Supporting Files";
			sourceTree = "<group>";
		};
		5E75C17F196474C900257849 /* View Controllers */ = {
			isa = PBXGroup;
			children = (
				5E75C180196474F400257849 /* DashboardViewController.h */,
				5E75C181196474F400257849 /* DashboardViewController.m */,
				5E75C182196474F400257849 /* DashboardViewController.xib */,
				5E75C185196474FC00257849 /* SearchViewController.h */,
				5E75C186196474FC00257849 /* SearchViewController.m */,
				5E75C187196474FC00257849 /* SearchViewController.xib */,
				5E75C18A1964751B00257849 /* PostViewController.h */,
				5E75C18B1964751B00257849 /* PostViewController.m */,
				5E75C18C1964751B00257849 /* PostViewController.xib */,
				5E75C18F1964752A00257849 /* AccountViewController.h */,
				5E75C1901964752A00257849 /* AccountViewController.m */,
				5E75C1911964752A00257849 /* AccountViewController.xib */,
				5E75C1941964753A00257849 /* ActivityViewController.h */,
				5E75C1951964753A00257849 /* ActivityViewController.m */,
				5E75C1961964753A00257849 /* ActivityViewController.xib */,
				5E75C17A196474C200257849 /* TabViewController.h */,
				5E75C17B196474C200257849 /* TabViewController.m */,
				5E75C17C196474C200257849 /* TabViewController.xib */,
			);
			name = "View Controllers";
			sourceTree = "<group>";
		};
/* End PBXGroup section */

/* Begin PBXNativeTarget section */
		5E75C1471964748F00257849 /* Tumblr */ = {
			isa = PBXNativeTarget;
			buildConfigurationList = 5E75C1741964748F00257849 /* Build configuration list for PBXNativeTarget "Tumblr" */;
			buildPhases = (
				5E75C1441964748F00257849 /* Sources */,
				5E75C1451964748F00257849 /* Frameworks */,
				5E75C1461964748F00257849 /* Resources */,
			);
			buildRules = (
			);
			dependencies = (
			);
			name = Tumblr;
			productName = Tumblr;
			productReference = 5E75C1481964748F00257849 /* Tumblr.app */;
			productType = "com.apple.product-type.application";
		};
		5E75C1621964748F00257849 /* TumblrTests */ = {
			isa = PBXNativeTarget;
			buildConfigurationList = 5E75C1771964748F00257849 /* Build configuration list for PBXNativeTarget "TumblrTests" */;
			buildPhases = (
				5E75C15F1964748F00257849 /* Sources */,
				5E75C1601964748F00257849 /* Frameworks */,
				5E75C1611964748F00257849 /* Resources */,
			);
			buildRules = (
			);
			dependencies = (
				5E75C1691964748F00257849 /* PBXTargetDependency */,
			);
			name = TumblrTests;
			productName = TumblrTests;
			productReference = 5E75C1631964748F00257849 /* TumblrTests.xctest */;
			productType = "com.apple.product-type.bundle.unit-test";
		};
/* End PBXNativeTarget section */

/* Begin PBXProject section */
		5E75C1401964748F00257849 /* Project object */ = {
			isa = PBXProject;
			attributes = {
				LastUpgradeCheck = 0510;
				ORGANIZATIONNAME = "Scott Savarie";
				TargetAttributes = {
					5E75C1621964748F00257849 = {
						TestTargetID = 5E75C1471964748F00257849;
					};
				};
			};
			buildConfigurationList = 5E75C1431964748F00257849 /* Build configuration list for PBXProject "Tumblr" */;
			compatibilityVersion = "Xcode 3.2";
			developmentRegion = English;
			hasScannedForEncodings = 0;
			knownRegions = (
				en,
			);
			mainGroup = 5E75C13F1964748F00257849;
			productRefGroup = 5E75C1491964748F00257849 /* Products */;
			projectDirPath = "";
			projectRoot = "";
			targets = (
				5E75C1471964748F00257849 /* Tumblr */,
				5E75C1621964748F00257849 /* TumblrTests */,
			);
		};
/* End PBXProject section */

/* Begin PBXResourcesBuildPhase section */
		5E75C1461964748F00257849 /* Resources */ = {
			isa = PBXResourcesBuildPhase;
			buildActionMask = 2147483647;
			files = (
				5E75C1561964748F00257849 /* InfoPlist.strings in Resources */,
				5E75C1931964752A00257849 /* AccountViewController.xib in Resources */,
				5E75C15E1964748F00257849 /* Images.xcassets in Resources */,
				5E75C18E1964751B00257849 /* PostViewController.xib in Resources */,
				5E75C17E196474C200257849 /* TabViewController.xib in Resources */,
				5E75C189196474FC00257849 /* SearchViewController.xib in Resources */,
				5E75C184196474F400257849 /* DashboardViewController.xib in Resources */,
				5E75C1981964753A00257849 /* ActivityViewController.xib in Resources */,
			);
			runOnlyForDeploymentPostprocessing = 0;
		};
		5E75C1611964748F00257849 /* Resources */ = {
			isa = PBXResourcesBuildPhase;
			buildActionMask = 2147483647;
			files = (
				5E75C16F1964748F00257849 /* InfoPlist.strings in Resources */,
			);
			runOnlyForDeploymentPostprocessing = 0;
		};
/* End PBXResourcesBuildPhase section */

/* Begin PBXSourcesBuildPhase section */
		5E75C1441964748F00257849 /* Sources */ = {
			isa = PBXSourcesBuildPhase;
			buildActionMask = 2147483647;
			files = (
				5E75C17D196474C200257849 /* TabViewController.m in Sources */,
				5E75C15C1964748F00257849 /* AppDelegate.m in Sources */,
				5E75C1921964752A00257849 /* AccountViewController.m in Sources */,
				5E75C18D1964751B00257849 /* PostViewController.m in Sources */,
				5E75C188196474FC00257849 /* SearchViewController.m in Sources */,
				5E75C1581964748F00257849 /* main.m in Sources */,
				5E75C183196474F400257849 /* DashboardViewController.m in Sources */,
				5E75C1971964753A00257849 /* ActivityViewController.m in Sources */,
			);
			runOnlyForDeploymentPostprocessing = 0;
		};
		5E75C15F1964748F00257849 /* Sources */ = {
			isa = PBXSourcesBuildPhase;
			buildActionMask = 2147483647;
			files = (
				5E75C1711964748F00257849 /* TumblrTests.m in Sources */,
			);
			runOnlyForDeploymentPostprocessing = 0;
		};
/* End PBXSourcesBuildPhase section */

/* Begin PBXTargetDependency section */
		5E75C1691964748F00257849 /* PBXTargetDependency */ = {
			isa = PBXTargetDependency;
			target = 5E75C1471964748F00257849 /* Tumblr */;
			targetProxy = 5E75C1681964748F00257849 /* PBXContainerItemProxy */;
		};
/* End PBXTargetDependency section */

/* Begin PBXVariantGroup section */
		5E75C1541964748F00257849 /* InfoPlist.strings */ = {
			isa = PBXVariantGroup;
			children = (
				5E75C1551964748F00257849 /* en */,
			);
			name = InfoPlist.strings;
			sourceTree = "<group>";
		};
		5E75C16D1964748F00257849 /* InfoPlist.strings */ = {
			isa = PBXVariantGroup;
			children = (
				5E75C16E1964748F00257849 /* en */,
			);
			name = InfoPlist.strings;
			sourceTree = "<group>";
		};
/* End PBXVariantGroup section */

/* Begin XCBuildConfiguration section */
		5E75C1721964748F00257849 /* Debug */ = {
			isa = XCBuildConfiguration;
			buildSettings = {
				ALWAYS_SEARCH_USER_PATHS = NO;
				CLANG_CXX_LANGUAGE_STANDARD = "gnu++0x";
				CLANG_CXX_LIBRARY = "libc++";
				CLANG_ENABLE_MODULES = YES;
				CLANG_ENABLE_OBJC_ARC = YES;
				CLANG_WARN_BOOL_CONVERSION = YES;
				CLANG_WARN_CONSTANT_CONVERSION = YES;
				CLANG_WARN_DIRECT_OBJC_ISA_USAGE = YES_ERROR;
				CLANG_WARN_EMPTY_BODY = YES;
				CLANG_WARN_ENUM_CONVERSION = YES;
				CLANG_WARN_INT_CONVERSION = YES;
				CLANG_WARN_OBJC_ROOT_CLASS = YES_ERROR;
				CLANG_WARN__DUPLICATE_METHOD_MATCH = YES;
				"CODE_SIGN_IDENTITY[sdk=iphoneos*]" = "iPhone Developer";
				COPY_PHASE_STRIP = NO;
				GCC_C_LANGUAGE_STANDARD = gnu99;
				GCC_DYNAMIC_NO_PIC = NO;
				GCC_OPTIMIZATION_LEVEL = 0;
				GCC_PREPROCESSOR_DEFINITIONS = (
					"DEBUG=1",
					"$(inherited)",
				);
				GCC_SYMBOLS_PRIVATE_EXTERN = NO;
				GCC_WARN_64_TO_32_BIT_CONVERSION = YES;
				GCC_WARN_ABOUT_RETURN_TYPE = YES_ERROR;
				GCC_WARN_UNDECLARED_SELECTOR = YES;
				GCC_WARN_UNINITIALIZED_AUTOS = YES_AGGRESSIVE;
				GCC_WARN_UNUSED_FUNCTION = YES;
				GCC_WARN_UNUSED_VARIABLE = YES;
				IPHONEOS_DEPLOYMENT_TARGET = 7.1;
				ONLY_ACTIVE_ARCH = YES;
				SDKROOT = iphoneos;
			};
			name = Debug;
		};
		5E75C1731964748F00257849 /* Release */ = {
			isa = XCBuildConfiguration;
			buildSettings = {
				ALWAYS_SEARCH_USER_PATHS = NO;
				CLANG_CXX_LANGUAGE_STANDARD = "gnu++0x";
				CLANG_CXX_LIBRARY = "libc++";
				CLANG_ENABLE_MODULES = YES;
				CLANG_ENABLE_OBJC_ARC = YES;
				CLANG_WARN_BOOL_CONVERSION = YES;
				CLANG_WARN_CONSTANT_CONVERSION = YES;
				CLANG_WARN_DIRECT_OBJC_ISA_USAGE = YES_ERROR;
				CLANG_WARN_EMPTY_BODY = YES;
				CLANG_WARN_ENUM_CONVERSION = YES;
				CLANG_WARN_INT_CONVERSION = YES;
				CLANG_WARN_OBJC_ROOT_CLASS = YES_ERROR;
				CLANG_WARN__DUPLICATE_METHOD_MATCH = YES;
				"CODE_SIGN_IDENTITY[sdk=iphoneos*]" = "iPhone Developer";
				COPY_PHASE_STRIP = YES;
				ENABLE_NS_ASSERTIONS = NO;
				GCC_C_LANGUAGE_STANDARD = gnu99;
				GCC_WARN_64_TO_32_BIT_CONVERSION = YES;
				GCC_WARN_ABOUT_RETURN_TYPE = YES_ERROR;
				GCC_WARN_UNDECLARED_SELECTOR = YES;
				GCC_WARN_UNINITIALIZED_AUTOS = YES_AGGRESSIVE;
				GCC_WARN_UNUSED_FUNCTION = YES;
				GCC_WARN_UNUSED_VARIABLE = YES;
				IPHONEOS_DEPLOYMENT_TARGET = 7.1;
				SDKROOT = iphoneos;
				VALIDATE_PRODUCT = YES;
			};
			name = Release;
		};
		5E75C1751964748F00257849 /* Debug */ = {
			isa = XCBuildConfiguration;
			buildSettings = {
				ASSETCATALOG_COMPILER_APPICON_NAME = AppIcon;
				ASSETCATALOG_COMPILER_LAUNCHIMAGE_NAME = LaunchImage;
				GCC_PRECOMPILE_PREFIX_HEADER = YES;
				GCC_PREFIX_HEADER = "Tumblr/Tumblr-Prefix.pch";
				INFOPLIST_FILE = "Tumblr/Tumblr-Info.plist";
				PRODUCT_NAME = "$(TARGET_NAME)";
				WRAPPER_EXTENSION = app;
			};
			name = Debug;
		};
		5E75C1761964748F00257849 /* Release */ = {
			isa = XCBuildConfiguration;
			buildSettings = {
				ASSETCATALOG_COMPILER_APPICON_NAME = AppIcon;
				ASSETCATALOG_COMPILER_LAUNCHIMAGE_NAME = LaunchImage;
				GCC_PRECOMPILE_PREFIX_HEADER = YES;
				GCC_PREFIX_HEADER = "Tumblr/Tumblr-Prefix.pch";
				INFOPLIST_FILE = "Tumblr/Tumblr-Info.plist";
				PRODUCT_NAME = "$(TARGET_NAME)";
				WRAPPER_EXTENSION = app;
			};
			name = Release;
		};
		5E75C1781964748F00257849 /* Debug */ = {
			isa = XCBuildConfiguration;
			buildSettings = {
				BUNDLE_LOADER = "$(BUILT_PRODUCTS_DIR)/Tumblr.app/Tumblr";
				FRAMEWORK_SEARCH_PATHS = (
					"$(SDKROOT)/Developer/Library/Frameworks",
					"$(inherited)",
					"$(DEVELOPER_FRAMEWORKS_DIR)",
				);
				GCC_PRECOMPILE_PREFIX_HEADER = YES;
				GCC_PREFIX_HEADER = "Tumblr/Tumblr-Prefix.pch";
				GCC_PREPROCESSOR_DEFINITIONS = (
					"DEBUG=1",
					"$(inherited)",
				);
				INFOPLIST_FILE = "TumblrTests/TumblrTests-Info.plist";
				PRODUCT_NAME = "$(TARGET_NAME)";
				TEST_HOST = "$(BUNDLE_LOADER)";
				WRAPPER_EXTENSION = xctest;
			};
			name = Debug;
		};
		5E75C1791964748F00257849 /* Release */ = {
			isa = XCBuildConfiguration;
			buildSettings = {
				BUNDLE_LOADER = "$(BUILT_PRODUCTS_DIR)/Tumblr.app/Tumblr";
				FRAMEWORK_SEARCH_PATHS = (
					"$(SDKROOT)/Developer/Library/Frameworks",
					"$(inherited)",
					"$(DEVELOPER_FRAMEWORKS_DIR)",
				);
				GCC_PRECOMPILE_PREFIX_HEADER = YES;
				GCC_PREFIX_HEADER = "Tumblr/Tumblr-Prefix.pch";
				INFOPLIST_FILE = "TumblrTests/TumblrTests-Info.plist";
				PRODUCT_NAME = "$(TARGET_NAME)";
				TEST_HOST = "$(BUNDLE_LOADER)";
				WRAPPER_EXTENSION = xctest;
			};
			name = Release;
		};
/* End XCBuildConfiguration section */

/* Begin XCConfigurationList section */
		5E75C1431964748F00257849 /* Build configuration list for PBXProject "Tumblr" */ = {
			isa = XCConfigurationList;
			buildConfigurations = (
				5E75C1721964748F00257849 /* Debug */,
				5E75C1731964748F00257849 /* Release */,
			);
			defaultConfigurationIsVisible = 0;
			defaultConfigurationName = Release;
		};
		5E75C1741964748F00257849 /* Build configuration list for PBXNativeTarget "Tumblr" */ = {
			isa = XCConfigurationList;
			buildConfigurations = (
				5E75C1751964748F00257849 /* Debug */,
				5E75C1761964748F00257849 /* Release */,
			);
			defaultConfigurationIsVisible = 0;
		};
		5E75C1771964748F00257849 /* Build configuration list for PBXNativeTarget "TumblrTests" */ = {
			isa = XCConfigurationList;
			buildConfigurations = (
				5E75C1781964748F00257849 /* Debug */,
				5E75C1791964748F00257849 /* Release */,
			);
			defaultConfigurationIsVisible = 0;
		};
/* End XCConfigurationList section */
	};
	rootObject = 5E75C1401964748F00257849 /* Project object */;
}
