// !$*UTF8*$!
{
	archiveVersion = 1;
	classes = {
	};
	objectVersion = 46;
	objects = {

/* Begin PBXBuildFile section */
		5EBAD31B1948AF2A00F7448A /* Foundation.framework in Frameworks */ = {isa = PBXBuildFile; fileRef = 5EBAD31A1948AF2A00F7448A /* Foundation.framework */; };
		5EBAD31D1948AF2A00F7448A /* CoreGraphics.framework in Frameworks */ = {isa = PBXBuildFile; fileRef = 5EBAD31C1948AF2A00F7448A /* CoreGraphics.framework */; };
		5EBAD31F1948AF2A00F7448A /* UIKit.framework in Frameworks */ = {isa = PBXBuildFile; fileRef = 5EBAD31E1948AF2A00F7448A /* UIKit.framework */; };
		5EBAD3251948AF2A00F7448A /* InfoPlist.strings in Resources */ = {isa = PBXBuildFile; fileRef = 5EBAD3231948AF2A00F7448A /* InfoPlist.strings */; };
		5EBAD3271948AF2A00F7448A /* main.m in Sources */ = {isa = PBXBuildFile; fileRef = 5EBAD3261948AF2A00F7448A /* main.m */; };
		5EBAD32B1948AF2A00F7448A /* AppDelegate.m in Sources */ = {isa = PBXBuildFile; fileRef = 5EBAD32A1948AF2A00F7448A /* AppDelegate.m */; };
		5EBAD32D1948AF2A00F7448A /* Images.xcassets in Resources */ = {isa = PBXBuildFile; fileRef = 5EBAD32C1948AF2A00F7448A /* Images.xcassets */; };
		5EBAD3341948AF2A00F7448A /* XCTest.framework in Frameworks */ = {isa = PBXBuildFile; fileRef = 5EBAD3331948AF2A00F7448A /* XCTest.framework */; };
		5EBAD3351948AF2A00F7448A /* Foundation.framework in Frameworks */ = {isa = PBXBuildFile; fileRef = 5EBAD31A1948AF2A00F7448A /* Foundation.framework */; };
		5EBAD3361948AF2A00F7448A /* UIKit.framework in Frameworks */ = {isa = PBXBuildFile; fileRef = 5EBAD31E1948AF2A00F7448A /* UIKit.framework */; };
		5EBAD33E1948AF2A00F7448A /* InfoPlist.strings in Resources */ = {isa = PBXBuildFile; fileRef = 5EBAD33C1948AF2A00F7448A /* InfoPlist.strings */; };
		5EBAD3401948AF2A00F7448A /* Facebook_NewsfeedTests.m in Sources */ = {isa = PBXBuildFile; fileRef = 5EBAD33F1948AF2A00F7448A /* Facebook_NewsfeedTests.m */; };
/* End PBXBuildFile section */

/* Begin PBXContainerItemProxy section */
		5EBAD3371948AF2A00F7448A /* PBXContainerItemProxy */ = {
			isa = PBXContainerItemProxy;
			containerPortal = 5EBAD30F1948AF2900F7448A /* Project object */;
			proxyType = 1;
			remoteGlobalIDString = 5EBAD3161948AF2900F7448A;
			remoteInfo = "Facebook Newsfeed";
		};
/* End PBXContainerItemProxy section */

/* Begin PBXFileReference section */
		5EBAD3171948AF2900F7448A /* Facebook Newsfeed.app */ = {isa = PBXFileReference; explicitFileType = wrapper.application; includeInIndex = 0; path = "Facebook Newsfeed.app"; sourceTree = BUILT_PRODUCTS_DIR; };
		5EBAD31A1948AF2A00F7448A /* Foundation.framework */ = {isa = PBXFileReference; lastKnownFileType = wrapper.framework; name = Foundation.framework; path = System/Library/Frameworks/Foundation.framework; sourceTree = SDKROOT; };
		5EBAD31C1948AF2A00F7448A /* CoreGraphics.framework */ = {isa = PBXFileReference; lastKnownFileType = wrapper.framework; name = CoreGraphics.framework; path = System/Library/Frameworks/CoreGraphics.framework; sourceTree = SDKROOT; };
		5EBAD31E1948AF2A00F7448A /* UIKit.framework */ = {isa = PBXFileReference; lastKnownFileType = wrapper.framework; name = UIKit.framework; path = System/Library/Frameworks/UIKit.framework; sourceTree = SDKROOT; };
		5EBAD3221948AF2A00F7448A /* Facebook Newsfeed-Info.plist */ = {isa = PBXFileReference; lastKnownFileType = text.plist.xml; path = "Facebook Newsfeed-Info.plist"; sourceTree = "<group>"; };
		5EBAD3241948AF2A00F7448A /* en */ = {isa = PBXFileReference; lastKnownFileType = text.plist.strings; name = en; path = en.lproj/InfoPlist.strings; sourceTree = "<group>"; };
		5EBAD3261948AF2A00F7448A /* main.m */ = {isa = PBXFileReference; lastKnownFileType = sourcecode.c.objc; path = main.m; sourceTree = "<group>"; };
		5EBAD3281948AF2A00F7448A /* Facebook Newsfeed-Prefix.pch */ = {isa = PBXFileReference; lastKnownFileType = sourcecode.c.h; path = "Facebook Newsfeed-Prefix.pch"; sourceTree = "<group>"; };
		5EBAD3291948AF2A00F7448A /* AppDelegate.h */ = {isa = PBXFileReference; lastKnownFileType = sourcecode.c.h; path = AppDelegate.h; sourceTree = "<group>"; };
		5EBAD32A1948AF2A00F7448A /* AppDelegate.m */ = {isa = PBXFileReference; lastKnownFileType = sourcecode.c.objc; path = AppDelegate.m; sourceTree = "<group>"; };
		5EBAD32C1948AF2A00F7448A /* Images.xcassets */ = {isa = PBXFileReference; lastKnownFileType = folder.assetcatalog; path = Images.xcassets; sourceTree = "<group>"; };
		5EBAD3321948AF2A00F7448A /* Facebook NewsfeedTests.xctest */ = {isa = PBXFileReference; explicitFileType = wrapper.cfbundle; includeInIndex = 0; path = "Facebook NewsfeedTests.xctest"; sourceTree = BUILT_PRODUCTS_DIR; };
		5EBAD3331948AF2A00F7448A /* XCTest.framework */ = {isa = PBXFileReference; lastKnownFileType = wrapper.framework; name = XCTest.framework; path = Library/Frameworks/XCTest.framework; sourceTree = DEVELOPER_DIR; };
		5EBAD33B1948AF2A00F7448A /* Facebook NewsfeedTests-Info.plist */ = {isa = PBXFileReference; lastKnownFileType = text.plist.xml; path = "Facebook NewsfeedTests-Info.plist"; sourceTree = "<group>"; };
		5EBAD33D1948AF2A00F7448A /* en */ = {isa = PBXFileReference; lastKnownFileType = text.plist.strings; name = en; path = en.lproj/InfoPlist.strings; sourceTree = "<group>"; };
		5EBAD33F1948AF2A00F7448A /* Facebook_NewsfeedTests.m */ = {isa = PBXFileReference; lastKnownFileType = sourcecode.c.objc; path = Facebook_NewsfeedTests.m; sourceTree = "<group>"; };
/* End PBXFileReference section */

/* Begin PBXFrameworksBuildPhase section */
		5EBAD3141948AF2900F7448A /* Frameworks */ = {
			isa = PBXFrameworksBuildPhase;
			buildActionMask = 2147483647;
			files = (
				5EBAD31D1948AF2A00F7448A /* CoreGraphics.framework in Frameworks */,
				5EBAD31F1948AF2A00F7448A /* UIKit.framework in Frameworks */,
				5EBAD31B1948AF2A00F7448A /* Foundation.framework in Frameworks */,
			);
			runOnlyForDeploymentPostprocessing = 0;
		};
		5EBAD32F1948AF2A00F7448A /* Frameworks */ = {
			isa = PBXFrameworksBuildPhase;
			buildActionMask = 2147483647;
			files = (
				5EBAD3341948AF2A00F7448A /* XCTest.framework in Frameworks */,
				5EBAD3361948AF2A00F7448A /* UIKit.framework in Frameworks */,
				5EBAD3351948AF2A00F7448A /* Foundation.framework in Frameworks */,
			);
			runOnlyForDeploymentPostprocessing = 0;
		};
/* End PBXFrameworksBuildPhase section */

/* Begin PBXGroup section */
		5EBAD30E1948AF2900F7448A = {
			isa = PBXGroup;
			children = (
				5EBAD3201948AF2A00F7448A /* Facebook Newsfeed */,
				5EBAD3391948AF2A00F7448A /* Facebook NewsfeedTests */,
				5EBAD3191948AF2900F7448A /* Frameworks */,
				5EBAD3181948AF2900F7448A /* Products */,
			);
			sourceTree = "<group>";
		};
		5EBAD3181948AF2900F7448A /* Products */ = {
			isa = PBXGroup;
			children = (
				5EBAD3171948AF2900F7448A /* Facebook Newsfeed.app */,
				5EBAD3321948AF2A00F7448A /* Facebook NewsfeedTests.xctest */,
			);
			name = Products;
			sourceTree = "<group>";
		};
		5EBAD3191948AF2900F7448A /* Frameworks */ = {
			isa = PBXGroup;
			children = (
				5EBAD31A1948AF2A00F7448A /* Foundation.framework */,
				5EBAD31C1948AF2A00F7448A /* CoreGraphics.framework */,
				5EBAD31E1948AF2A00F7448A /* UIKit.framework */,
				5EBAD3331948AF2A00F7448A /* XCTest.framework */,
			);
			name = Frameworks;
			sourceTree = "<group>";
		};
		5EBAD3201948AF2A00F7448A /* Facebook Newsfeed */ = {
			isa = PBXGroup;
			children = (
				5EBAD3291948AF2A00F7448A /* AppDelegate.h */,
				5EBAD32A1948AF2A00F7448A /* AppDelegate.m */,
				5EBAD32C1948AF2A00F7448A /* Images.xcassets */,
				5EBAD3211948AF2A00F7448A /* Supporting Files */,
			);
			path = "Facebook Newsfeed";
			sourceTree = "<group>";
		};
		5EBAD3211948AF2A00F7448A /* Supporting Files */ = {
			isa = PBXGroup;
			children = (
				5EBAD3221948AF2A00F7448A /* Facebook Newsfeed-Info.plist */,
				5EBAD3231948AF2A00F7448A /* InfoPlist.strings */,
				5EBAD3261948AF2A00F7448A /* main.m */,
				5EBAD3281948AF2A00F7448A /* Facebook Newsfeed-Prefix.pch */,
			);
			name = "Supporting Files";
			sourceTree = "<group>";
		};
		5EBAD3391948AF2A00F7448A /* Facebook NewsfeedTests */ = {
			isa = PBXGroup;
			children = (
				5EBAD33F1948AF2A00F7448A /* Facebook_NewsfeedTests.m */,
				5EBAD33A1948AF2A00F7448A /* Supporting Files */,
			);
			path = "Facebook NewsfeedTests";
			sourceTree = "<group>";
		};
		5EBAD33A1948AF2A00F7448A /* Supporting Files */ = {
			isa = PBXGroup;
			children = (
				5EBAD33B1948AF2A00F7448A /* Facebook NewsfeedTests-Info.plist */,
				5EBAD33C1948AF2A00F7448A /* InfoPlist.strings */,
			);
			name = "Supporting Files";
			sourceTree = "<group>";
		};
/* End PBXGroup section */

/* Begin PBXNativeTarget section */
		5EBAD3161948AF2900F7448A /* Facebook Newsfeed */ = {
			isa = PBXNativeTarget;
			buildConfigurationList = 5EBAD3431948AF2A00F7448A /* Build configuration list for PBXNativeTarget "Facebook Newsfeed" */;
			buildPhases = (
				5EBAD3131948AF2900F7448A /* Sources */,
				5EBAD3141948AF2900F7448A /* Frameworks */,
				5EBAD3151948AF2900F7448A /* Resources */,
			);
			buildRules = (
			);
			dependencies = (
			);
			name = "Facebook Newsfeed";
			productName = "Facebook Newsfeed";
			productReference = 5EBAD3171948AF2900F7448A /* Facebook Newsfeed.app */;
			productType = "com.apple.product-type.application";
		};
		5EBAD3311948AF2A00F7448A /* Facebook NewsfeedTests */ = {
			isa = PBXNativeTarget;
			buildConfigurationList = 5EBAD3461948AF2A00F7448A /* Build configuration list for PBXNativeTarget "Facebook NewsfeedTests" */;
			buildPhases = (
				5EBAD32E1948AF2A00F7448A /* Sources */,
				5EBAD32F1948AF2A00F7448A /* Frameworks */,
				5EBAD3301948AF2A00F7448A /* Resources */,
			);
			buildRules = (
			);
			dependencies = (
				5EBAD3381948AF2A00F7448A /* PBXTargetDependency */,
			);
			name = "Facebook NewsfeedTests";
			productName = "Facebook NewsfeedTests";
			productReference = 5EBAD3321948AF2A00F7448A /* Facebook NewsfeedTests.xctest */;
			productType = "com.apple.product-type.bundle.unit-test";
		};
/* End PBXNativeTarget section */

/* Begin PBXProject section */
		5EBAD30F1948AF2900F7448A /* Project object */ = {
			isa = PBXProject;
			attributes = {
				LastUpgradeCheck = 0510;
				ORGANIZATIONNAME = "Scott Savarie";
				TargetAttributes = {
					5EBAD3311948AF2A00F7448A = {
						TestTargetID = 5EBAD3161948AF2900F7448A;
					};
				};
			};
			buildConfigurationList = 5EBAD3121948AF2900F7448A /* Build configuration list for PBXProject "Facebook Newsfeed" */;
			compatibilityVersion = "Xcode 3.2";
			developmentRegion = English;
			hasScannedForEncodings = 0;
			knownRegions = (
				en,
			);
			mainGroup = 5EBAD30E1948AF2900F7448A;
			productRefGroup = 5EBAD3181948AF2900F7448A /* Products */;
			projectDirPath = "";
			projectRoot = "";
			targets = (
				5EBAD3161948AF2900F7448A /* Facebook Newsfeed */,
				5EBAD3311948AF2A00F7448A /* Facebook NewsfeedTests */,
			);
		};
/* End PBXProject section */

/* Begin PBXResourcesBuildPhase section */
		5EBAD3151948AF2900F7448A /* Resources */ = {
			isa = PBXResourcesBuildPhase;
			buildActionMask = 2147483647;
			files = (
				5EBAD3251948AF2A00F7448A /* InfoPlist.strings in Resources */,
				5EBAD32D1948AF2A00F7448A /* Images.xcassets in Resources */,
			);
			runOnlyForDeploymentPostprocessing = 0;
		};
		5EBAD3301948AF2A00F7448A /* Resources */ = {
			isa = PBXResourcesBuildPhase;
			buildActionMask = 2147483647;
			files = (
				5EBAD33E1948AF2A00F7448A /* InfoPlist.strings in Resources */,
			);
			runOnlyForDeploymentPostprocessing = 0;
		};
/* End PBXResourcesBuildPhase section */

/* Begin PBXSourcesBuildPhase section */
		5EBAD3131948AF2900F7448A /* Sources */ = {
			isa = PBXSourcesBuildPhase;
			buildActionMask = 2147483647;
			files = (
				5EBAD32B1948AF2A00F7448A /* AppDelegate.m in Sources */,
				5EBAD3271948AF2A00F7448A /* main.m in Sources */,
			);
			runOnlyForDeploymentPostprocessing = 0;
		};
		5EBAD32E1948AF2A00F7448A /* Sources */ = {
			isa = PBXSourcesBuildPhase;
			buildActionMask = 2147483647;
			files = (
				5EBAD3401948AF2A00F7448A /* Facebook_NewsfeedTests.m in Sources */,
			);
			runOnlyForDeploymentPostprocessing = 0;
		};
/* End PBXSourcesBuildPhase section */

/* Begin PBXTargetDependency section */
		5EBAD3381948AF2A00F7448A /* PBXTargetDependency */ = {
			isa = PBXTargetDependency;
			target = 5EBAD3161948AF2900F7448A /* Facebook Newsfeed */;
			targetProxy = 5EBAD3371948AF2A00F7448A /* PBXContainerItemProxy */;
		};
/* End PBXTargetDependency section */

/* Begin PBXVariantGroup section */
		5EBAD3231948AF2A00F7448A /* InfoPlist.strings */ = {
			isa = PBXVariantGroup;
			children = (
				5EBAD3241948AF2A00F7448A /* en */,
			);
			name = InfoPlist.strings;
			sourceTree = "<group>";
		};
		5EBAD33C1948AF2A00F7448A /* InfoPlist.strings */ = {
			isa = PBXVariantGroup;
			children = (
				5EBAD33D1948AF2A00F7448A /* en */,
			);
			name = InfoPlist.strings;
			sourceTree = "<group>";
		};
/* End PBXVariantGroup section */

/* Begin XCBuildConfiguration section */
		5EBAD3411948AF2A00F7448A /* Debug */ = {
			isa = XCBuildConfiguration;
			buildSettings = {
				ALWAYS_SEARCH_USER_PATHS = NO;
				CLANG_CXX_LANGUAGE_STANDARD = "gnu++0x";
				CLANG_CXX_LIBRARY = "libc++";
				CLANG_ENABLE_MODULES = YES;
				CLANG_ENABLE_OBJC_ARC = YES;
				CLANG_WARN_BOOL_CONVERSION = YES;
				CLANG_WARN_CONSTANT_CONVERSION = YES;
				CLANG_WARN_DIRECT_OBJC_ISA_USAGE = YES_ERROR;
				CLANG_WARN_EMPTY_BODY = YES;
				CLANG_WARN_ENUM_CONVERSION = YES;
				CLANG_WARN_INT_CONVERSION = YES;
				CLANG_WARN_OBJC_ROOT_CLASS = YES_ERROR;
				CLANG_WARN__DUPLICATE_METHOD_MATCH = YES;
				"CODE_SIGN_IDENTITY[sdk=iphoneos*]" = "iPhone Developer";
				COPY_PHASE_STRIP = NO;
				GCC_C_LANGUAGE_STANDARD = gnu99;
				GCC_DYNAMIC_NO_PIC = NO;
				GCC_OPTIMIZATION_LEVEL = 0;
				GCC_PREPROCESSOR_DEFINITIONS = (
					"DEBUG=1",
					"$(inherited)",
				);
				GCC_SYMBOLS_PRIVATE_EXTERN = NO;
				GCC_WARN_64_TO_32_BIT_CONVERSION = YES;
				GCC_WARN_ABOUT_RETURN_TYPE = YES_ERROR;
				GCC_WARN_UNDECLARED_SELECTOR = YES;
				GCC_WARN_UNINITIALIZED_AUTOS = YES_AGGRESSIVE;
				GCC_WARN_UNUSED_FUNCTION = YES;
				GCC_WARN_UNUSED_VARIABLE = YES;
				IPHONEOS_DEPLOYMENT_TARGET = 7.1;
				ONLY_ACTIVE_ARCH = YES;
				SDKROOT = iphoneos;
			};
			name = Debug;
		};
		5EBAD3421948AF2A00F7448A /* Release */ = {
			isa = XCBuildConfiguration;
			buildSettings = {
				ALWAYS_SEARCH_USER_PATHS = NO;
				CLANG_CXX_LANGUAGE_STANDARD = "gnu++0x";
				CLANG_CXX_LIBRARY = "libc++";
				CLANG_ENABLE_MODULES = YES;
				CLANG_ENABLE_OBJC_ARC = YES;
				CLANG_WARN_BOOL_CONVERSION = YES;
				CLANG_WARN_CONSTANT_CONVERSION = YES;
				CLANG_WARN_DIRECT_OBJC_ISA_USAGE = YES_ERROR;
				CLANG_WARN_EMPTY_BODY = YES;
				CLANG_WARN_ENUM_CONVERSION = YES;
				CLANG_WARN_INT_CONVERSION = YES;
				CLANG_WARN_OBJC_ROOT_CLASS = YES_ERROR;
				CLANG_WARN__DUPLICATE_METHOD_MATCH = YES;
				"CODE_SIGN_IDENTITY[sdk=iphoneos*]" = "iPhone Developer";
				COPY_PHASE_STRIP = YES;
				ENABLE_NS_ASSERTIONS = NO;
				GCC_C_LANGUAGE_STANDARD = gnu99;
				GCC_WARN_64_TO_32_BIT_CONVERSION = YES;
				GCC_WARN_ABOUT_RETURN_TYPE = YES_ERROR;
				GCC_WARN_UNDECLARED_SELECTOR = YES;
				GCC_WARN_UNINITIALIZED_AUTOS = YES_AGGRESSIVE;
				GCC_WARN_UNUSED_FUNCTION = YES;
				GCC_WARN_UNUSED_VARIABLE = YES;
				IPHONEOS_DEPLOYMENT_TARGET = 7.1;
				SDKROOT = iphoneos;
				VALIDATE_PRODUCT = YES;
			};
			name = Release;
		};
		5EBAD3441948AF2A00F7448A /* Debug */ = {
			isa = XCBuildConfiguration;
			buildSettings = {
				ASSETCATALOG_COMPILER_APPICON_NAME = AppIcon;
				ASSETCATALOG_COMPILER_LAUNCHIMAGE_NAME = LaunchImage;
				GCC_PRECOMPILE_PREFIX_HEADER = YES;
				GCC_PREFIX_HEADER = "Facebook Newsfeed/Facebook Newsfeed-Prefix.pch";
				INFOPLIST_FILE = "Facebook Newsfeed/Facebook Newsfeed-Info.plist";
				PRODUCT_NAME = "$(TARGET_NAME)";
				WRAPPER_EXTENSION = app;
			};
			name = Debug;
		};
		5EBAD3451948AF2A00F7448A /* Release */ = {
			isa = XCBuildConfiguration;
			buildSettings = {
				ASSETCATALOG_COMPILER_APPICON_NAME = AppIcon;
				ASSETCATALOG_COMPILER_LAUNCHIMAGE_NAME = LaunchImage;
				GCC_PRECOMPILE_PREFIX_HEADER = YES;
				GCC_PREFIX_HEADER = "Facebook Newsfeed/Facebook Newsfeed-Prefix.pch";
				INFOPLIST_FILE = "Facebook Newsfeed/Facebook Newsfeed-Info.plist";
				PRODUCT_NAME = "$(TARGET_NAME)";
				WRAPPER_EXTENSION = app;
			};
			name = Release;
		};
		5EBAD3471948AF2A00F7448A /* Debug */ = {
			isa = XCBuildConfiguration;
			buildSettings = {
				BUNDLE_LOADER = "$(BUILT_PRODUCTS_DIR)/Facebook Newsfeed.app/Facebook Newsfeed";
				FRAMEWORK_SEARCH_PATHS = (
					"$(SDKROOT)/Developer/Library/Frameworks",
					"$(inherited)",
					"$(DEVELOPER_FRAMEWORKS_DIR)",
				);
				GCC_PRECOMPILE_PREFIX_HEADER = YES;
				GCC_PREFIX_HEADER = "Facebook Newsfeed/Facebook Newsfeed-Prefix.pch";
				GCC_PREPROCESSOR_DEFINITIONS = (
					"DEBUG=1",
					"$(inherited)",
				);
				INFOPLIST_FILE = "Facebook NewsfeedTests/Facebook NewsfeedTests-Info.plist";
				PRODUCT_NAME = "$(TARGET_NAME)";
				TEST_HOST = "$(BUNDLE_LOADER)";
				WRAPPER_EXTENSION = xctest;
			};
			name = Debug;
		};
		5EBAD3481948AF2A00F7448A /* Release */ = {
			isa = XCBuildConfiguration;
			buildSettings = {
				BUNDLE_LOADER = "$(BUILT_PRODUCTS_DIR)/Facebook Newsfeed.app/Facebook Newsfeed";
				FRAMEWORK_SEARCH_PATHS = (
					"$(SDKROOT)/Developer/Library/Frameworks",
					"$(inherited)",
					"$(DEVELOPER_FRAMEWORKS_DIR)",
				);
				GCC_PRECOMPILE_PREFIX_HEADER = YES;
				GCC_PREFIX_HEADER = "Facebook Newsfeed/Facebook Newsfeed-Prefix.pch";
				INFOPLIST_FILE = "Facebook NewsfeedTests/Facebook NewsfeedTests-Info.plist";
				PRODUCT_NAME = "$(TARGET_NAME)";
				TEST_HOST = "$(BUNDLE_LOADER)";
				WRAPPER_EXTENSION = xctest;
			};
			name = Release;
		};
/* End XCBuildConfiguration section */

/* Begin XCConfigurationList section */
		5EBAD3121948AF2900F7448A /* Build configuration list for PBXProject "Facebook Newsfeed" */ = {
			isa = XCConfigurationList;
			buildConfigurations = (
				5EBAD3411948AF2A00F7448A /* Debug */,
				5EBAD3421948AF2A00F7448A /* Release */,
			);
			defaultConfigurationIsVisible = 0;
			defaultConfigurationName = Release;
		};
		5EBAD3431948AF2A00F7448A /* Build configuration list for PBXNativeTarget "Facebook Newsfeed" */ = {
			isa = XCConfigurationList;
			buildConfigurations = (
				5EBAD3441948AF2A00F7448A /* Debug */,
				5EBAD3451948AF2A00F7448A /* Release */,
			);
			defaultConfigurationIsVisible = 0;
		};
		5EBAD3461948AF2A00F7448A /* Build configuration list for PBXNativeTarget "Facebook NewsfeedTests" */ = {
			isa = XCConfigurationList;
			buildConfigurations = (
				5EBAD3471948AF2A00F7448A /* Debug */,
				5EBAD3481948AF2A00F7448A /* Release */,
			);
			defaultConfigurationIsVisible = 0;
		};
/* End XCConfigurationList section */
	};
	rootObject = 5EBAD30F1948AF2900F7448A /* Project object */;
}
